{
  "version": 4,
  "terraform_version": "1.9.8",
  "serial": 24,
  "lineage": "67e68c03-da9e-cf61-e6d9-c8f262a9c4ef",
  "outputs": {
    "backend_repo_url": {
      "value": "https://github.com/Picasso-Organization/sd-backend-terraform",
      "type": "string"
    },
    "dev_team_id": {
      "value": "11548870",
      "type": "string"
    },
    "dev_team_name": {
      "value": "SD Tech Developers",
      "type": "string"
    },
    "developers_list": {
      "value": [
        "vinay-sdtech",
        "nishanthstd"
      ],
      "type": [
        "list",
        "string"
      ]
    },
    "frontend_repo_url": {
      "value": "https://github.com/Picasso-Organization/sd-frontend-terraform",
      "type": "string"
    }
  },
  "resources": [
    {
      "mode": "managed",
      "type": "github_repository",
      "name": "backend_repo",
      "provider": "provider[\"registry.terraform.io/hashicorp/github\"]",
      "instances": [
        {
          "schema_version": 1,
          "attributes": {
            "allow_auto_merge": false,
            "allow_merge_commit": true,
            "allow_rebase_merge": true,
            "allow_squash_merge": true,
            "allow_update_branch": false,
            "archive_on_destroy": null,
            "archived": false,
            "auto_init": true,
            "default_branch": "main",
            "delete_branch_on_merge": false,
            "description": "Backend repository",
            "etag": "W/\"36912c6f19749e768658b10c3b5c274438be9a9b492a78958e987bdf23ea9521\"",
            "full_name": "Picasso-Organization/sd-backend-terraform",
            "git_clone_url": "git://github.com/Picasso-Organization/sd-backend-terraform.git",
            "gitignore_template": null,
            "has_discussions": false,
            "has_downloads": false,
            "has_issues": false,
            "has_projects": false,
            "has_wiki": false,
            "homepage_url": "",
            "html_url": "https://github.com/Picasso-Organization/sd-backend-terraform",
            "http_clone_url": "https://github.com/Picasso-Organization/sd-backend-terraform.git",
            "id": "sd-backend-terraform",
            "ignore_vulnerability_alerts_during_read": null,
            "is_template": false,
            "license_template": null,
            "merge_commit_message": "PR_TITLE",
            "merge_commit_title": "MERGE_MESSAGE",
            "name": "sd-backend-terraform",
            "node_id": "R_kgDONPOzSA",
            "pages": [],
            "primary_language": "",
            "private": true,
            "repo_id": 888386376,
            "security_and_analysis": [],
            "squash_merge_commit_message": "COMMIT_MESSAGES",
            "squash_merge_commit_title": "COMMIT_OR_PR_TITLE",
            "ssh_clone_url": "git@github.com:Picasso-Organization/sd-backend-terraform.git",
            "svn_url": "https://github.com/Picasso-Organization/sd-backend-terraform",
            "template": [],
            "topics": [],
            "visibility": "private",
            "vulnerability_alerts": false,
            "web_commit_signoff_required": false
          },
          "sensitive_attributes": [],
          "private": "eyJzY2hlbWFfdmVyc2lvbiI6IjEifQ=="
        }
      ]
    },
    {
      "mode": "managed",
      "type": "github_repository",
      "name": "frontend_repo",
      "provider": "provider[\"registry.terraform.io/hashicorp/github\"]",
      "instances": [
        {
          "schema_version": 1,
          "attributes": {
            "allow_auto_merge": false,
            "allow_merge_commit": true,
            "allow_rebase_merge": true,
            "allow_squash_merge": true,
            "allow_update_branch": false,
            "archive_on_destroy": null,
            "archived": false,
            "auto_init": true,
            "default_branch": "main",
            "delete_branch_on_merge": false,
            "description": "Frontend repository",
            "etag": "W/\"7e45a41676ab8b031302e89d3cceb61dc29f2b0d7d6308a8b0c41866efb44035\"",
            "full_name": "Picasso-Organization/sd-frontend-terraform",
            "git_clone_url": "git://github.com/Picasso-Organization/sd-frontend-terraform.git",
            "gitignore_template": null,
            "has_discussions": false,
            "has_downloads": false,
            "has_issues": false,
            "has_projects": false,
            "has_wiki": false,
            "homepage_url": "",
            "html_url": "https://github.com/Picasso-Organization/sd-frontend-terraform",
            "http_clone_url": "https://github.com/Picasso-Organization/sd-frontend-terraform.git",
            "id": "sd-frontend-terraform",
            "ignore_vulnerability_alerts_during_read": null,
            "is_template": false,
            "license_template": null,
            "merge_commit_message": "PR_TITLE",
            "merge_commit_title": "MERGE_MESSAGE",
            "name": "sd-frontend-terraform",
            "node_id": "R_kgDONPOzNA",
            "pages": [],
            "primary_language": "",
            "private": true,
            "repo_id": 888386356,
            "security_and_analysis": [],
            "squash_merge_commit_message": "COMMIT_MESSAGES",
            "squash_merge_commit_title": "COMMIT_OR_PR_TITLE",
            "ssh_clone_url": "git@github.com:Picasso-Organization/sd-frontend-terraform.git",
            "svn_url": "https://github.com/Picasso-Organization/sd-frontend-terraform",
            "template": [],
            "topics": [],
            "visibility": "private",
            "vulnerability_alerts": false,
            "web_commit_signoff_required": false
          },
          "sensitive_attributes": [],
          "private": "eyJzY2hlbWFfdmVyc2lvbiI6IjEifQ=="
        }
      ]
    },
    {
      "mode": "managed",
      "type": "github_team",
      "name": "dev_team",
      "provider": "provider[\"registry.terraform.io/hashicorp/github\"]",
      "instances": [
        {
          "schema_version": 0,
          "attributes": {
            "create_default_maintainer": false,
            "description": "Development team with access to frontend and backend repositories",
            "etag": "W/\"8ba8f8b0d1878aefc4adab31ba09c64eb7b77cde2a8cb3140e3e9d93df91b32d\"",
            "id": "11548870",
            "ldap_dn": "",
            "members_count": 0,
            "name": "SD Tech Developers",
            "node_id": "T_kwDOCztq5s4AsDjG",
            "parent_team_id": "",
            "parent_team_read_id": "",
            "parent_team_read_slug": "",
            "privacy": "secret",
            "slug": "sd-tech-developers"
          },
          "sensitive_attributes": [],
          "private": "bnVsbA=="
        }
      ]
    },
    {
      "mode": "managed",
      "type": "github_team_membership",
      "name": "team_members",
      "provider": "provider[\"registry.terraform.io/hashicorp/github\"]",
      "instances": [
        {
          "index_key": "nishanthstd",
          "schema_version": 0,
          "attributes": {
            "etag": "W/\"7151fd5e8bc0b6bb04819d9410fb32d41054438f897fe4db1b36639fdaeb4251\"",
            "id": "11548870:nishanthstd",
            "role": "member",
            "team_id": "11548870",
            "username": "nishanthstd"
          },
          "sensitive_attributes": [],
          "private": "bnVsbA==",
          "dependencies": [
            "github_team.dev_team"
          ]
        },
        {
          "index_key": "vinay-sdtech",
          "schema_version": 0,
          "attributes": {
            "etag": "W/\"ffcf273578c73a53bfa4cb7a733cb4b45f0a09a90e362019ce665aedab612962\"",
            "id": "11548870:vinay-sdtech",
            "role": "maintainer",
            "team_id": "11548870",
            "username": "vinay-sdtech"
          },
          "sensitive_attributes": [],
          "private": "bnVsbA==",
          "dependencies": [
            "github_team.dev_team"
          ]
        }
      ]
    },
    {
      "mode": "managed",
      "type": "github_team_repository",
      "name": "backend_access",
      "provider": "provider[\"registry.terraform.io/hashicorp/github\"]",
      "instances": [
        {
          "schema_version": 0,
          "attributes": {
            "etag": "W/\"3fa557b460c6290100b798aafe686760eee289eb0f9e9003e35526e81b8e5dbd\"",
            "id": "11548870:sd-backend-terraform",
            "permission": "push",
            "repository": "sd-backend-terraform",
            "team_id": "11548870"
          },
          "sensitive_attributes": [],
          "private": "bnVsbA==",
          "dependencies": [
            "github_repository.backend_repo",
            "github_team.dev_team"
          ]
        }
      ]
    },
    {
      "mode": "managed",
      "type": "github_team_repository",
      "name": "frontend_access",
      "provider": "provider[\"registry.terraform.io/hashicorp/github\"]",
      "instances": [
        {
          "schema_version": 0,
          "attributes": {
            "etag": "W/\"d77687dc6ccdeafdac5da9206a6a5988dc02b3ee0832779ee444c99ebfd31131\"",
            "id": "11548870:sd-frontend-terraform",
            "permission": "push",
            "repository": "sd-frontend-terraform",
            "team_id": "11548870"
          },
          "sensitive_attributes": [],
          "private": "bnVsbA==",
          "dependencies": [
            "github_repository.frontend_repo",
            "github_team.dev_team"
          ]
        }
      ]
    }
  ],
  "check_results": null
}
