{
  "version": 4,
  "terraform_version": "1.9.8",
  "serial": 34,
  "lineage": "67e68c03-da9e-cf61-e6d9-c8f262a9c4ef",
  "outputs": {
    "backend_repo_url": {
      "value": "https://github.com/Picasso-Organization/sd-backend-terraform",
      "type": "string"
    },
    "dev_team_id": {
      "value": "11549091",
      "type": "string"
    },
    "dev_team_name": {
      "value": "SD Tech Developers",
      "type": "string"
    },
    "developers_list": {
      "value": [
        "vinay-sdtech",
        "nishanthstd",
        "VishalPG-SD",
        "depakn"
      ],
      "type": [
        "list",
        "string"
      ]
    },
    "frontend_repo_url": {
      "value": "https://github.com/Picasso-Organization/sd-frontend-terraform",
      "type": "string"
    }
  },
  "resources": [
    {
      "mode": "managed",
      "type": "github_repository",
      "name": "backend_repo",
      "provider": "provider[\"registry.terraform.io/hashicorp/github\"]",
      "instances": [
        {
          "schema_version": 1,
          "attributes": {
            "allow_auto_merge": false,
            "allow_merge_commit": true,
            "allow_rebase_merge": true,
            "allow_squash_merge": true,
            "allow_update_branch": false,
            "archive_on_destroy": null,
            "archived": false,
            "auto_init": true,
            "default_branch": "main",
            "delete_branch_on_merge": false,
            "description": "Backend repository",
            "etag": "W/\"56a908ac7abd4f023495dab73393776f5137253f57c62c2b8585bc037379aae0\"",
            "full_name": "Picasso-Organization/sd-backend-terraform",
            "git_clone_url": "git://github.com/Picasso-Organization/sd-backend-terraform.git",
            "gitignore_template": null,
            "has_discussions": false,
            "has_downloads": false,
            "has_issues": false,
            "has_projects": false,
            "has_wiki": false,
            "homepage_url": "",
            "html_url": "https://github.com/Picasso-Organization/sd-backend-terraform",
            "http_clone_url": "https://github.com/Picasso-Organization/sd-backend-terraform.git",
            "id": "sd-backend-terraform",
            "ignore_vulnerability_alerts_during_read": null,
            "is_template": false,
            "license_template": null,
            "merge_commit_message": "PR_TITLE",
            "merge_commit_title": "MERGE_MESSAGE",
            "name": "sd-backend-terraform",
            "node_id": "R_kgDONPPl3g",
            "pages": [],
            "primary_language": "",
            "private": true,
            "repo_id": 888399326,
            "security_and_analysis": [],
            "squash_merge_commit_message": "COMMIT_MESSAGES",
            "squash_merge_commit_title": "COMMIT_OR_PR_TITLE",
            "ssh_clone_url": "git@github.com:Picasso-Organization/sd-backend-terraform.git",
            "svn_url": "https://github.com/Picasso-Organization/sd-backend-terraform",
            "template": [],
            "topics": [],
            "visibility": "private",
            "vulnerability_alerts": false,
            "web_commit_signoff_required": false
          },
          "sensitive_attributes": [],
          "private": "eyJzY2hlbWFfdmVyc2lvbiI6IjEifQ=="
        }
      ]
    },
    {
      "mode": "managed",
      "type": "github_repository",
      "name": "frontend_repo",
      "provider": "provider[\"registry.terraform.io/hashicorp/github\"]",
      "instances": [
        {
          "schema_version": 1,
          "attributes": {
            "allow_auto_merge": false,
            "allow_merge_commit": true,
            "allow_rebase_merge": true,
            "allow_squash_merge": true,
            "allow_update_branch": false,
            "archive_on_destroy": null,
            "archived": false,
            "auto_init": true,
            "default_branch": "main",
            "delete_branch_on_merge": false,
            "description": "Frontend repository",
            "etag": "W/\"19ba3f9a0b7448dd798e4c17b32a016610e7e3d580a6bde32234d29aa6cf1351\"",
            "full_name": "Picasso-Organization/sd-frontend-terraform",
            "git_clone_url": "git://github.com/Picasso-Organization/sd-frontend-terraform.git",
            "gitignore_template": null,
            "has_discussions": false,
            "has_downloads": false,
            "has_issues": false,
            "has_projects": false,
            "has_wiki": false,
            "homepage_url": "",
            "html_url": "https://github.com/Picasso-Organization/sd-frontend-terraform",
            "http_clone_url": "https://github.com/Picasso-Organization/sd-frontend-terraform.git",
            "id": "sd-frontend-terraform",
            "ignore_vulnerability_alerts_during_read": null,
            "is_template": false,
            "license_template": null,
            "merge_commit_message": "PR_TITLE",
            "merge_commit_title": "MERGE_MESSAGE",
            "name": "sd-frontend-terraform",
            "node_id": "R_kgDONPPlyg",
            "pages": [],
            "primary_language": "",
            "private": true,
            "repo_id": 888399306,
            "security_and_analysis": [],
            "squash_merge_commit_message": "COMMIT_MESSAGES",
            "squash_merge_commit_title": "COMMIT_OR_PR_TITLE",
            "ssh_clone_url": "git@github.com:Picasso-Organization/sd-frontend-terraform.git",
            "svn_url": "https://github.com/Picasso-Organization/sd-frontend-terraform",
            "template": [],
            "topics": [],
            "visibility": "private",
            "vulnerability_alerts": false,
            "web_commit_signoff_required": false
          },
          "sensitive_attributes": [],
          "private": "eyJzY2hlbWFfdmVyc2lvbiI6IjEifQ=="
        }
      ]
    },
    {
      "mode": "managed",
      "type": "github_team",
      "name": "dev_team",
      "provider": "provider[\"registry.terraform.io/hashicorp/github\"]",
      "instances": [
        {
          "schema_version": 0,
          "attributes": {
            "create_default_maintainer": false,
            "description": "Development team with access to frontend and backend repositories",
            "etag": "W/\"b924f216ca9418b395ce38f18b75c912d5658865085dd51377d0abb0936bdf5e\"",
            "id": "11549091",
            "ldap_dn": "",
            "members_count": 0,
            "name": "SD Tech Developers",
            "node_id": "T_kwDOCztq5s4AsDmj",
            "parent_team_id": "",
            "parent_team_read_id": "",
            "parent_team_read_slug": "",
            "privacy": "secret",
            "slug": "sd-tech-developers"
          },
          "sensitive_attributes": [],
          "private": "bnVsbA=="
        }
      ]
    },
    {
      "mode": "managed",
      "type": "github_team_membership",
      "name": "team_members",
      "provider": "provider[\"registry.terraform.io/hashicorp/github\"]",
      "instances": [
        {
          "index_key": "VishalPG-SD",
          "schema_version": 0,
          "attributes": {
            "etag": "W/\"c21b8b9f2ff36f1674abc97b368c24839d0a8a876e48bc5db12ff93aa79e9a0e\"",
            "id": "11549091:VishalPG-SD",
            "role": "member",
            "team_id": "11549091",
            "username": "VishalPG-SD"
          },
          "sensitive_attributes": [],
          "private": "bnVsbA==",
          "dependencies": [
            "github_team.dev_team"
          ]
        },
        {
          "index_key": "depakn",
          "schema_version": 0,
          "attributes": {
            "etag": "W/\"cf10591be63ad177b0382956f6ddd5c8bd62caef0ac7579bf42b9b382da8cefe\"",
            "id": "11549091:depakn",
            "role": "member",
            "team_id": "11549091",
            "username": "depakn"
          },
          "sensitive_attributes": [],
          "private": "bnVsbA==",
          "dependencies": [
            "github_team.dev_team"
          ]
        },
        {
          "index_key": "nishanthstd",
          "schema_version": 0,
          "attributes": {
            "etag": "W/\"07b576ceec50c9a5bb2a543ecf5164a844fcfcd83f81c22be31ee7f8893cc4c5\"",
            "id": "11549091:nishanthstd",
            "role": "member",
            "team_id": "11549091",
            "username": "nishanthstd"
          },
          "sensitive_attributes": [],
          "private": "bnVsbA==",
          "dependencies": [
            "github_team.dev_team"
          ]
        },
        {
          "index_key": "vinay-sdtech",
          "schema_version": 0,
          "attributes": {
            "etag": "W/\"1042bbdae81247fcdb6893a2a839419bc0b967bb19ef04e337834a9941c58f60\"",
            "id": "11549091:vinay-sdtech",
            "role": "maintainer",
            "team_id": "11549091",
            "username": "vinay-sdtech"
          },
          "sensitive_attributes": [],
          "private": "bnVsbA==",
          "dependencies": [
            "github_team.dev_team"
          ]
        }
      ]
    },
    {
      "mode": "managed",
      "type": "github_team_repository",
      "name": "backend_access",
      "provider": "provider[\"registry.terraform.io/hashicorp/github\"]",
      "instances": [
        {
          "schema_version": 0,
          "attributes": {
            "etag": "W/\"60b783803e9f9328884640d7a4a6c2cf8be890584f5dc3f279331a9446818f24\"",
            "id": "11549091:sd-backend-terraform",
            "permission": "push",
            "repository": "sd-backend-terraform",
            "team_id": "11549091"
          },
          "sensitive_attributes": [],
          "private": "bnVsbA==",
          "dependencies": [
            "github_repository.backend_repo",
            "github_team.dev_team"
          ]
        }
      ]
    },
    {
      "mode": "managed",
      "type": "github_team_repository",
      "name": "frontend_access",
      "provider": "provider[\"registry.terraform.io/hashicorp/github\"]",
      "instances": [
        {
          "schema_version": 0,
          "attributes": {
            "etag": "W/\"b8be9a1f07fc28e35ce2f1ef221c23e0e6bc2ec2021130fd5798e96b926c1951\"",
            "id": "11549091:sd-frontend-terraform",
            "permission": "push",
            "repository": "sd-frontend-terraform",
            "team_id": "11549091"
          },
          "sensitive_attributes": [],
          "private": "bnVsbA==",
          "dependencies": [
            "github_repository.frontend_repo",
            "github_team.dev_team"
          ]
        }
      ]
    }
  ],
  "check_results": null
}
